
Microsoft Visual Studio Solution File, Format Version 12.00
# Visual Studio Version 17
VisualStudioVersion = 17.14.36221.1
MinimumVisualStudioVersion = 10.0.40219.1
Project("{2150E333-8FDC-42A3-9474-1A3956D46DE8}") = "Solution Items", "Solution Items", "{089100B1-113F-4E66-888A-E83F3999EAFD}"
	ProjectSection(SolutionItems) = preProject
		.editorconfig = .editorconfig
		global.json = global.json
	EndProjectSection
EndProject
Project("{FAE04EC0-301F-11D3-BF4B-00C04F79EFBC}") = "TestConsoleApp", "TestConsoleApp\TestConsoleApp.csproj", "{6A170099-677E-4198-89D6-308120E261BF}"
EndProject
Project("{FAE04EC0-301F-11D3-BF4B-00C04F79EFBC}") = "Rectangles", "Rectangles\Rectangles.csproj", "{A0D75662-47D5-A421-E662-DD29270166AF}"
EndProject
Global
	GlobalSection(SolutionConfigurationPlatforms) = preSolution
		Debug|Any CPU = Debug|Any CPU
		Release|Any CPU = Release|Any CPU
	EndGlobalSection
	GlobalSection(ProjectConfigurationPlatforms) = postSolution
		{6A170099-677E-4198-89D6-308120E261BF}.Debug|Any CPU.ActiveCfg = Debug|Any CPU
		{6A170099-677E-4198-89D6-308120E261BF}.Debug|Any CPU.Build.0 = Debug|Any CPU
		{6A170099-677E-4198-89D6-308120E261BF}.Release|Any CPU.ActiveCfg = Release|Any CPU
		{6A170099-677E-4198-89D6-308120E261BF}.Release|Any CPU.Build.0 = Release|Any CPU
		{A0D75662-47D5-A421-E662-DD29270166AF}.Debug|Any CPU.ActiveCfg = Debug|Any CPU
		{A0D75662-47D5-A421-E662-DD29270166AF}.Debug|Any CPU.Build.0 = Debug|Any CPU
		{A0D75662-47D5-A421-E662-DD29270166AF}.Release|Any CPU.ActiveCfg = Release|Any CPU
		{A0D75662-47D5-A421-E662-DD29270166AF}.Release|Any CPU.Build.0 = Release|Any CPU
	EndGlobalSection
	GlobalSection(SolutionProperties) = preSolution
		HideSolutionNode = FALSE
	EndGlobalSection
	GlobalSection(ExtensibilityGlobals) = postSolution
		SolutionGuid = {FD38505E-0100-47E6-A8D1-E349CD814750}
	EndGlobalSection
EndGlobal
